
Microsoft Visual Studio Solution File, Format Version 12.00
# Visual Studio Version 16
VisualStudioVersion = 16.0.30002.166
MinimumVisualStudioVersion = 10.0.40219.1
Project("{9A19103F-16F7-4668-BE54-9A1E7A4F7556}") = "Leveret", "Leveret\Leveret.csproj", "{63C957C3-3CA4-407D-8CDC-A8D1CD0CA9ED}"
EndProject
Project("{9A19103F-16F7-4668-BE54-9A1E7A4F7556}") = "BusinessLogic", "BusinessLogic\BusinessLogic.csproj", "{7DF46A97-EB84-42BC-9297-4F9420D1EAEF}"
EndProject
Global
	GlobalSection(SolutionConfigurationPlatforms) = preSolution
		Debug|Any CPU = Debug|Any CPU
		Release|Any CPU = Release|Any CPU
	EndGlobalSection
	GlobalSection(ProjectConfigurationPlatforms) = postSolution
		{63C957C3-3CA4-407D-8CDC-A8D1CD0CA9ED}.Debug|Any CPU.ActiveCfg = Debug|Any CPU
		{63C957C3-3CA4-407D-8CDC-A8D1CD0CA9ED}.Debug|Any CPU.Build.0 = Debug|Any CPU
		{63C957C3-3CA4-407D-8CDC-A8D1CD0CA9ED}.Release|Any CPU.ActiveCfg = Release|Any CPU
		{63C957C3-3CA4-407D-8CDC-A8D1CD0CA9ED}.Release|Any CPU.Build.0 = Release|Any CPU
		{7DF46A97-EB84-42BC-9297-4F9420D1EAEF}.Debug|Any CPU.ActiveCfg = Debug|Any CPU
		{7DF46A97-EB84-42BC-9297-4F9420D1EAEF}.Debug|Any CPU.Build.0 = Debug|Any CPU
		{7DF46A97-EB84-42BC-9297-4F9420D1EAEF}.Release|Any CPU.ActiveCfg = Release|Any CPU
		{7DF46A97-EB84-42BC-9297-4F9420D1EAEF}.Release|Any CPU.Build.0 = Release|Any CPU
	EndGlobalSection
	GlobalSection(SolutionProperties) = preSolution
		HideSolutionNode = FALSE
	EndGlobalSection
	GlobalSection(ExtensibilityGlobals) = postSolution
		SolutionGuid = {4E025143-08F4-4DA7-8192-8C7D802FB84D}
	EndGlobalSection
EndGlobal
